
Microsoft Visual Studio Solution File, Format Version 12.00
# Visual Studio Version 16
VisualStudioVersion = 16.0.29326.143
MinimumVisualStudioVersion = 10.0.40219.1
Project("{FAE04EC0-301F-11D3-BF4B-00C04F79EFBC}") = "Client7", "Client7\Client7.csproj", "{2A4C7577-569F-4BF7-8767-490C1C778CEB}"
EndProject
Global
	GlobalSection(SolutionConfigurationPlatforms) = preSolution
		Debug|Any CPU = Debug|Any CPU
		Release|Any CPU = Release|Any CPU
	EndGlobalSection
	GlobalSection(ProjectConfigurationPlatforms) = postSolution
		{2A4C7577-569F-4BF7-8767-490C1C778CEB}.Debug|Any CPU.ActiveCfg = Debug|Any CPU
		{2A4C7577-569F-4BF7-8767-490C1C778CEB}.Debug|Any CPU.Build.0 = Debug|Any CPU
		{2A4C7577-569F-4BF7-8767-490C1C778CEB}.Release|Any CPU.ActiveCfg = Release|Any CPU
		{2A4C7577-569F-4BF7-8767-490C1C778CEB}.Release|Any CPU.Build.0 = Release|Any CPU
	EndGlobalSection
	GlobalSection(SolutionProperties) = preSolution
		HideSolutionNode = FALSE
	EndGlobalSection
	GlobalSection(ExtensibilityGlobals) = postSolution
		SolutionGuid = {C638A69E-904E-4E89-B37E-EACD063ECFF4}
	EndGlobalSection
EndGlobal
