
Microsoft Visual Studio Solution File, Format Version 12.00
# Visual Studio Version 16
VisualStudioVersion = 16.0.29326.143
MinimumVisualStudioVersion = 10.0.40219.1
Project("{FAE04EC0-301F-11D3-BF4B-00C04F79EFBC}") = "Server", "Server\Server.csproj", "{3C97F3F0-6098-4C0A-A593-FA5C779926D2}"
EndProject
Project("{FAE04EC0-301F-11D3-BF4B-00C04F79EFBC}") = "ServerHost", "ServerHost\ServerHost.csproj", "{7FCEE3DE-47D1-4F2D-8702-4EE54B7BB94C}"
EndProject
Project("{FAE04EC0-301F-11D3-BF4B-00C04F79EFBC}") = "Client10", "..\Clients\Client10\Client10\Client10.csproj", "{AD9FBC44-7EC1-47A9-80B0-2B77A352A4EA}"
EndProject
Project("{2150E333-8FDC-42A3-9474-1A3956D46DE8}") = "Clients", "Clients", "{C57D53D4-B1B9-499D-AFFB-06E794D47297}"
EndProject
Project("{FAE04EC0-301F-11D3-BF4B-00C04F79EFBC}") = "Client7", "..\Clients\Client7\Client7\Client7.csproj", "{2A4C7577-569F-4BF7-8767-490C1C778CEB}"
EndProject
Global
	GlobalSection(SolutionConfigurationPlatforms) = preSolution
		Debug|Any CPU = Debug|Any CPU
		Release|Any CPU = Release|Any CPU
	EndGlobalSection
	GlobalSection(ProjectConfigurationPlatforms) = postSolution
		{3C97F3F0-6098-4C0A-A593-FA5C779926D2}.Debug|Any CPU.ActiveCfg = Debug|Any CPU
		{3C97F3F0-6098-4C0A-A593-FA5C779926D2}.Debug|Any CPU.Build.0 = Debug|Any CPU
		{3C97F3F0-6098-4C0A-A593-FA5C779926D2}.Release|Any CPU.ActiveCfg = Release|Any CPU
		{3C97F3F0-6098-4C0A-A593-FA5C779926D2}.Release|Any CPU.Build.0 = Release|Any CPU
		{7FCEE3DE-47D1-4F2D-8702-4EE54B7BB94C}.Debug|Any CPU.ActiveCfg = Debug|Any CPU
		{7FCEE3DE-47D1-4F2D-8702-4EE54B7BB94C}.Debug|Any CPU.Build.0 = Debug|Any CPU
		{7FCEE3DE-47D1-4F2D-8702-4EE54B7BB94C}.Release|Any CPU.ActiveCfg = Release|Any CPU
		{7FCEE3DE-47D1-4F2D-8702-4EE54B7BB94C}.Release|Any CPU.Build.0 = Release|Any CPU
		{AD9FBC44-7EC1-47A9-80B0-2B77A352A4EA}.Debug|Any CPU.ActiveCfg = Debug|Any CPU
		{AD9FBC44-7EC1-47A9-80B0-2B77A352A4EA}.Debug|Any CPU.Build.0 = Debug|Any CPU
		{AD9FBC44-7EC1-47A9-80B0-2B77A352A4EA}.Release|Any CPU.ActiveCfg = Release|Any CPU
		{AD9FBC44-7EC1-47A9-80B0-2B77A352A4EA}.Release|Any CPU.Build.0 = Release|Any CPU
		{2A4C7577-569F-4BF7-8767-490C1C778CEB}.Debug|Any CPU.ActiveCfg = Debug|Any CPU
		{2A4C7577-569F-4BF7-8767-490C1C778CEB}.Debug|Any CPU.Build.0 = Debug|Any CPU
		{2A4C7577-569F-4BF7-8767-490C1C778CEB}.Release|Any CPU.ActiveCfg = Release|Any CPU
		{2A4C7577-569F-4BF7-8767-490C1C778CEB}.Release|Any CPU.Build.0 = Release|Any CPU
	EndGlobalSection
	GlobalSection(SolutionProperties) = preSolution
		HideSolutionNode = FALSE
	EndGlobalSection
	GlobalSection(NestedProjects) = preSolution
		{AD9FBC44-7EC1-47A9-80B0-2B77A352A4EA} = {C57D53D4-B1B9-499D-AFFB-06E794D47297}
		{2A4C7577-569F-4BF7-8767-490C1C778CEB} = {C57D53D4-B1B9-499D-AFFB-06E794D47297}
	EndGlobalSection
	GlobalSection(ExtensibilityGlobals) = postSolution
		SolutionGuid = {74A67EC4-AB3F-4A2A-BD86-032D367F03A8}
	EndGlobalSection
EndGlobal
